
Microsoft Visual Studio Solution File, Format Version 12.00
# Visual Studio Version 16
VisualStudioVersion = 16.0.31005.135
MinimumVisualStudioVersion = 10.0.40219.1
Project("{FAE04EC0-301F-11D3-BF4B-00C04F79EFBC}") = "LabLogic", "LabLogic\LabLogic.csproj", "{44085E4D-E328-420B-89AC-C91FD2C39C84}"
EndProject
Project("{FAE04EC0-301F-11D3-BF4B-00C04F79EFBC}") = "Lab1CMD", "Lab1CMD\Lab1CMD.csproj", "{4E531617-3623-41E5-B688-263995E32DEB}"
EndProject
Project("{FAE04EC0-301F-11D3-BF4B-00C04F79EFBC}") = "Lab1WPF", "Lab1WPF\Lab1WPF.csproj", "{CB710068-FD2E-45C0-A567-311516A13300}"
EndProject
Global
	GlobalSection(SolutionConfigurationPlatforms) = preSolution
		Debug|Any CPU = Debug|Any CPU
		Release|Any CPU = Release|Any CPU
	EndGlobalSection
	GlobalSection(ProjectConfigurationPlatforms) = postSolution
		{44085E4D-E328-420B-89AC-C91FD2C39C84}.Debug|Any CPU.ActiveCfg = Debug|Any CPU
		{44085E4D-E328-420B-89AC-C91FD2C39C84}.Debug|Any CPU.Build.0 = Debug|Any CPU
		{44085E4D-E328-420B-89AC-C91FD2C39C84}.Release|Any CPU.ActiveCfg = Release|Any CPU
		{44085E4D-E328-420B-89AC-C91FD2C39C84}.Release|Any CPU.Build.0 = Release|Any CPU
		{4E531617-3623-41E5-B688-263995E32DEB}.Debug|Any CPU.ActiveCfg = Debug|Any CPU
		{4E531617-3623-41E5-B688-263995E32DEB}.Debug|Any CPU.Build.0 = Debug|Any CPU
		{4E531617-3623-41E5-B688-263995E32DEB}.Release|Any CPU.ActiveCfg = Release|Any CPU
		{4E531617-3623-41E5-B688-263995E32DEB}.Release|Any CPU.Build.0 = Release|Any CPU
		{CB710068-FD2E-45C0-A567-311516A13300}.Debug|Any CPU.ActiveCfg = Debug|Any CPU
		{CB710068-FD2E-45C0-A567-311516A13300}.Debug|Any CPU.Build.0 = Debug|Any CPU
		{CB710068-FD2E-45C0-A567-311516A13300}.Release|Any CPU.ActiveCfg = Release|Any CPU
		{CB710068-FD2E-45C0-A567-311516A13300}.Release|Any CPU.Build.0 = Release|Any CPU
	EndGlobalSection
	GlobalSection(SolutionProperties) = preSolution
		HideSolutionNode = FALSE
	EndGlobalSection
	GlobalSection(ExtensibilityGlobals) = postSolution
		SolutionGuid = {A5963365-5153-404B-B124-17EB96D636FE}
	EndGlobalSection
EndGlobal
