
Microsoft Visual Studio Solution File, Format Version 12.00
# Visual Studio Version 16
VisualStudioVersion = 16.0.31005.135
MinimumVisualStudioVersion = 10.0.40219.1
Project("{FAE04EC0-301F-11D3-BF4B-00C04F79EFBC}") = "Task1", "Task1\Task1.csproj", "{FD7D7933-EEF6-4B17-B15F-C29FEE819735}"
EndProject
Project("{FAE04EC0-301F-11D3-BF4B-00C04F79EFBC}") = "Task2", "Task2\Task2.csproj", "{827CE982-9D05-4C03-A25B-48C3CE400C87}"
EndProject
Project("{FAE04EC0-301F-11D3-BF4B-00C04F79EFBC}") = "Task3", "Task3\Task3.csproj", "{71175A12-C138-465E-A241-38521156160D}"
EndProject
Global
	GlobalSection(SolutionConfigurationPlatforms) = preSolution
		Debug|Any CPU = Debug|Any CPU
		Release|Any CPU = Release|Any CPU
	EndGlobalSection
	GlobalSection(ProjectConfigurationPlatforms) = postSolution
		{FD7D7933-EEF6-4B17-B15F-C29FEE819735}.Debug|Any CPU.ActiveCfg = Debug|Any CPU
		{FD7D7933-EEF6-4B17-B15F-C29FEE819735}.Debug|Any CPU.Build.0 = Debug|Any CPU
		{FD7D7933-EEF6-4B17-B15F-C29FEE819735}.Release|Any CPU.ActiveCfg = Release|Any CPU
		{FD7D7933-EEF6-4B17-B15F-C29FEE819735}.Release|Any CPU.Build.0 = Release|Any CPU
		{827CE982-9D05-4C03-A25B-48C3CE400C87}.Debug|Any CPU.ActiveCfg = Debug|Any CPU
		{827CE982-9D05-4C03-A25B-48C3CE400C87}.Debug|Any CPU.Build.0 = Debug|Any CPU
		{827CE982-9D05-4C03-A25B-48C3CE400C87}.Release|Any CPU.ActiveCfg = Release|Any CPU
		{827CE982-9D05-4C03-A25B-48C3CE400C87}.Release|Any CPU.Build.0 = Release|Any CPU
		{71175A12-C138-465E-A241-38521156160D}.Debug|Any CPU.ActiveCfg = Debug|Any CPU
		{71175A12-C138-465E-A241-38521156160D}.Debug|Any CPU.Build.0 = Debug|Any CPU
		{71175A12-C138-465E-A241-38521156160D}.Release|Any CPU.ActiveCfg = Release|Any CPU
		{71175A12-C138-465E-A241-38521156160D}.Release|Any CPU.Build.0 = Release|Any CPU
	EndGlobalSection
	GlobalSection(SolutionProperties) = preSolution
		HideSolutionNode = FALSE
	EndGlobalSection
	GlobalSection(ExtensibilityGlobals) = postSolution
		SolutionGuid = {79650B86-0804-47D7-94E5-11C002FBDA9B}
	EndGlobalSection
EndGlobal
