
Microsoft Visual Studio Solution File, Format Version 12.00
# Visual Studio Version 16
VisualStudioVersion = 16.0.31005.135
MinimumVisualStudioVersion = 10.0.40219.1
Project("{FAE04EC0-301F-11D3-BF4B-00C04F79EFBC}") = "Task1", "Task1\Task1.csproj", "{C9F9A707-D750-492E-B989-92A2BD2584F3}"
EndProject
Project("{FAE04EC0-301F-11D3-BF4B-00C04F79EFBC}") = "Task2", "Task2\Task2.csproj", "{315FF6A0-75B7-4B9F-A417-F04E8C84234E}"
EndProject
Global
	GlobalSection(SolutionConfigurationPlatforms) = preSolution
		Debug|Any CPU = Debug|Any CPU
		Release|Any CPU = Release|Any CPU
	EndGlobalSection
	GlobalSection(ProjectConfigurationPlatforms) = postSolution
		{C9F9A707-D750-492E-B989-92A2BD2584F3}.Debug|Any CPU.ActiveCfg = Debug|Any CPU
		{C9F9A707-D750-492E-B989-92A2BD2584F3}.Debug|Any CPU.Build.0 = Debug|Any CPU
		{C9F9A707-D750-492E-B989-92A2BD2584F3}.Release|Any CPU.ActiveCfg = Release|Any CPU
		{C9F9A707-D750-492E-B989-92A2BD2584F3}.Release|Any CPU.Build.0 = Release|Any CPU
		{315FF6A0-75B7-4B9F-A417-F04E8C84234E}.Debug|Any CPU.ActiveCfg = Debug|Any CPU
		{315FF6A0-75B7-4B9F-A417-F04E8C84234E}.Debug|Any CPU.Build.0 = Debug|Any CPU
		{315FF6A0-75B7-4B9F-A417-F04E8C84234E}.Release|Any CPU.ActiveCfg = Release|Any CPU
		{315FF6A0-75B7-4B9F-A417-F04E8C84234E}.Release|Any CPU.Build.0 = Release|Any CPU
	EndGlobalSection
	GlobalSection(SolutionProperties) = preSolution
		HideSolutionNode = FALSE
	EndGlobalSection
	GlobalSection(ExtensibilityGlobals) = postSolution
		SolutionGuid = {8C6614A5-5CD6-4E65-9E71-75FAFA9BB13D}
	EndGlobalSection
EndGlobal
